
Microsoft Visual Studio Solution File, Format Version 12.00
# Visual Studio Version 16
VisualStudioVersion = 16.0.30002.166
MinimumVisualStudioVersion = 10.0.40219.1
Project("{9A19103F-16F7-4668-BE54-9A1E7A4F7556}") = "Noobeex.CodeContract", "Noobeex.CodeContract\Noobeex.CodeContract.csproj", "{EBA3F66B-10FB-4791-B304-4BFE6F6BFA12}"
EndProject
Project("{2150E333-8FDC-42A3-9474-1A3956D46DE8}") = "Tests", "Tests", "{A756E357-99DF-4043-9D08-70C0FA5E1FD1}"
EndProject
Project("{FAE04EC0-301F-11D3-BF4B-00C04F79EFBC}") = "Noobeex.CodeContract.Tests", "Noobeex.CodeContract.Tests\Noobeex.CodeContract.Tests.csproj", "{2930973D-97C2-4B3D-BC0C-57318801617B}"
EndProject
Global
	GlobalSection(SolutionConfigurationPlatforms) = preSolution
		Debug|Any CPU = Debug|Any CPU
		Release|Any CPU = Release|Any CPU
	EndGlobalSection
	GlobalSection(ProjectConfigurationPlatforms) = postSolution
		{EBA3F66B-10FB-4791-B304-4BFE6F6BFA12}.Debug|Any CPU.ActiveCfg = Debug|Any CPU
		{EBA3F66B-10FB-4791-B304-4BFE6F6BFA12}.Debug|Any CPU.Build.0 = Debug|Any CPU
		{EBA3F66B-10FB-4791-B304-4BFE6F6BFA12}.Release|Any CPU.ActiveCfg = Release|Any CPU
		{EBA3F66B-10FB-4791-B304-4BFE6F6BFA12}.Release|Any CPU.Build.0 = Release|Any CPU
		{2930973D-97C2-4B3D-BC0C-57318801617B}.Debug|Any CPU.ActiveCfg = Debug|Any CPU
		{2930973D-97C2-4B3D-BC0C-57318801617B}.Debug|Any CPU.Build.0 = Debug|Any CPU
		{2930973D-97C2-4B3D-BC0C-57318801617B}.Release|Any CPU.ActiveCfg = Release|Any CPU
		{2930973D-97C2-4B3D-BC0C-57318801617B}.Release|Any CPU.Build.0 = Release|Any CPU
	EndGlobalSection
	GlobalSection(SolutionProperties) = preSolution
		HideSolutionNode = FALSE
	EndGlobalSection
	GlobalSection(NestedProjects) = preSolution
		{2930973D-97C2-4B3D-BC0C-57318801617B} = {A756E357-99DF-4043-9D08-70C0FA5E1FD1}
	EndGlobalSection
	GlobalSection(ExtensibilityGlobals) = postSolution
		SolutionGuid = {DEE4EA91-E2FC-4979-98AC-282F7E4159BA}
	EndGlobalSection
EndGlobal
